schema: '2.0'
stages:
  prepare:
    cmd: python src/prepare.py data/data.xml
    deps:
    - path: data/data.xml
      md5: 5193c4f0e82207a00e6596f679cbdb74
      size: 75783700
    - path: src/prepare.py
      md5: 51549a1c87b182ebdd785704f56ffaf1
      size: 1581
    params:
      params.yaml:
        prepare.seed: 20170428
        prepare.split: 0.2
    outs:
    - path: data/prepared
      md5: ecb3e4644128e3b3cf72e139ba2365c1.dir
      size: 47722638
      nfiles: 2
